
Microsoft Visual Studio Solution File, Format Version 12.00
Project("{FAE04EC0-301F-11D3-BF4B-00C04F79EFBC}") = "Ecommerce.Client.Server", "Ecommerce.Client\Server\Ecommerce.Client.Server.csproj", "{FD2C6200-2589-4144-A4A2-451841013791}"
EndProject
Project("{FAE04EC0-301F-11D3-BF4B-00C04F79EFBC}") = "Ecommerce.Client.Client", "Ecommerce.Client\Client\Ecommerce.Client.Client.csproj", "{865879C5-C8A4-4786-B189-258E1B2CE978}"
EndProject
Project("{FAE04EC0-301F-11D3-BF4B-00C04F79EFBC}") = "Ecommerce.Client.Shared", "Ecommerce.Client\Shared\Ecommerce.Client.Shared.csproj", "{98FE2EF5-00F8-4607-8C8B-48F590D8EB2B}"
EndProject
Global
	GlobalSection(SolutionConfigurationPlatforms) = preSolution
		Debug|Any CPU = Debug|Any CPU
		Release|Any CPU = Release|Any CPU
	EndGlobalSection
	GlobalSection(ProjectConfigurationPlatforms) = postSolution
		{FD2C6200-2589-4144-A4A2-451841013791}.Debug|Any CPU.ActiveCfg = Debug|Any CPU
		{FD2C6200-2589-4144-A4A2-451841013791}.Debug|Any CPU.Build.0 = Debug|Any CPU
		{FD2C6200-2589-4144-A4A2-451841013791}.Release|Any CPU.ActiveCfg = Release|Any CPU
		{FD2C6200-2589-4144-A4A2-451841013791}.Release|Any CPU.Build.0 = Release|Any CPU
		{865879C5-C8A4-4786-B189-258E1B2CE978}.Debug|Any CPU.ActiveCfg = Debug|Any CPU
		{865879C5-C8A4-4786-B189-258E1B2CE978}.Debug|Any CPU.Build.0 = Debug|Any CPU
		{865879C5-C8A4-4786-B189-258E1B2CE978}.Release|Any CPU.ActiveCfg = Release|Any CPU
		{865879C5-C8A4-4786-B189-258E1B2CE978}.Release|Any CPU.Build.0 = Release|Any CPU
		{98FE2EF5-00F8-4607-8C8B-48F590D8EB2B}.Debug|Any CPU.ActiveCfg = Debug|Any CPU
		{98FE2EF5-00F8-4607-8C8B-48F590D8EB2B}.Debug|Any CPU.Build.0 = Debug|Any CPU
		{98FE2EF5-00F8-4607-8C8B-48F590D8EB2B}.Release|Any CPU.ActiveCfg = Release|Any CPU
		{98FE2EF5-00F8-4607-8C8B-48F590D8EB2B}.Release|Any CPU.Build.0 = Release|Any CPU
	EndGlobalSection
EndGlobal
